
Microsoft Visual Studio Solution File, Format Version 12.00
# Visual Studio Version 16
VisualStudioVersion = 16.0.31205.134
MinimumVisualStudioVersion = 10.0.40219.1
Project("{2150E333-8FDC-42A3-9474-1A3956D46DE8}") = "_Solution files", "_Solution files", "{E372D4C8-2E79-4870-82A1-3D089AD44358}"
EndProject
Project("{2150E333-8FDC-42A3-9474-1A3956D46DE8}") = "Plugins", "Plugins", "{BBB5102A-6F1E-40F4-95D7-163884BB4BDA}"
EndProject
Project("{9A19103F-16F7-4668-BE54-9A1E7A4F7556}") = "SuperMemoAssistant.Plugins.Autocompleter", "src\SuperMemoAssistant.Plugins.Autocompleter\SuperMemoAssistant.Plugins.Autocompleter.csproj", "{5D06B9E4-FA06-451D-999C-B5095270AD05}"
EndProject
Project("{FAE04EC0-301F-11D3-BF4B-00C04F79EFBC}") = "AutocompleterInterop", "..\AutocompleterInterop\AutocompleterInterop.csproj", "{F468C250-2A99-4583-9DB9-C9441F01EE98}"
EndProject
Global
	GlobalSection(SolutionConfigurationPlatforms) = preSolution
		1. Alpha (Debug)|Any CPU = 1. Alpha (Debug)|Any CPU
		2. Beta (Release)|Any CPU = 2. Beta (Release)|Any CPU
		3. Stable (Release)|Any CPU = 3. Stable (Release)|Any CPU
		Debug|Any CPU = Debug|Any CPU
		Release|Any CPU = Release|Any CPU
	EndGlobalSection
	GlobalSection(ProjectConfigurationPlatforms) = postSolution
		{5D06B9E4-FA06-451D-999C-B5095270AD05}.1. Alpha (Debug)|Any CPU.ActiveCfg = Debug|Any CPU
		{5D06B9E4-FA06-451D-999C-B5095270AD05}.1. Alpha (Debug)|Any CPU.Build.0 = Debug|Any CPU
		{5D06B9E4-FA06-451D-999C-B5095270AD05}.2. Beta (Release)|Any CPU.ActiveCfg = Release|Any CPU
		{5D06B9E4-FA06-451D-999C-B5095270AD05}.2. Beta (Release)|Any CPU.Build.0 = Release|Any CPU
		{5D06B9E4-FA06-451D-999C-B5095270AD05}.3. Stable (Release)|Any CPU.ActiveCfg = Release|Any CPU
		{5D06B9E4-FA06-451D-999C-B5095270AD05}.3. Stable (Release)|Any CPU.Build.0 = Release|Any CPU
		{5D06B9E4-FA06-451D-999C-B5095270AD05}.Debug|Any CPU.ActiveCfg = Debug|Any CPU
		{5D06B9E4-FA06-451D-999C-B5095270AD05}.Debug|Any CPU.Build.0 = Debug|Any CPU
		{5D06B9E4-FA06-451D-999C-B5095270AD05}.Release|Any CPU.ActiveCfg = Release|Any CPU
		{5D06B9E4-FA06-451D-999C-B5095270AD05}.Release|Any CPU.Build.0 = Release|Any CPU
		{F468C250-2A99-4583-9DB9-C9441F01EE98}.1. Alpha (Debug)|Any CPU.ActiveCfg = Debug|Any CPU
		{F468C250-2A99-4583-9DB9-C9441F01EE98}.1. Alpha (Debug)|Any CPU.Build.0 = Debug|Any CPU
		{F468C250-2A99-4583-9DB9-C9441F01EE98}.2. Beta (Release)|Any CPU.ActiveCfg = Release|Any CPU
		{F468C250-2A99-4583-9DB9-C9441F01EE98}.2. Beta (Release)|Any CPU.Build.0 = Release|Any CPU
		{F468C250-2A99-4583-9DB9-C9441F01EE98}.3. Stable (Release)|Any CPU.ActiveCfg = Release|Any CPU
		{F468C250-2A99-4583-9DB9-C9441F01EE98}.3. Stable (Release)|Any CPU.Build.0 = Release|Any CPU
		{F468C250-2A99-4583-9DB9-C9441F01EE98}.Debug|Any CPU.ActiveCfg = Debug|Any CPU
		{F468C250-2A99-4583-9DB9-C9441F01EE98}.Debug|Any CPU.Build.0 = Debug|Any CPU
		{F468C250-2A99-4583-9DB9-C9441F01EE98}.Release|Any CPU.ActiveCfg = Release|Any CPU
		{F468C250-2A99-4583-9DB9-C9441F01EE98}.Release|Any CPU.Build.0 = Release|Any CPU
	EndGlobalSection
	GlobalSection(SolutionProperties) = preSolution
		HideSolutionNode = FALSE
	EndGlobalSection
	GlobalSection(NestedProjects) = preSolution
		{5D06B9E4-FA06-451D-999C-B5095270AD05} = {BBB5102A-6F1E-40F4-95D7-163884BB4BDA}
	EndGlobalSection
	GlobalSection(ExtensibilityGlobals) = postSolution
		SolutionGuid = {543A11F9-DC36-4D83-B568-B376849D087F}
	EndGlobalSection
EndGlobal
